
Microsoft Visual Studio Solution File, Format Version 12.00
# Visual Studio Version 16
VisualStudioVersion = 16.0.30717.126
MinimumVisualStudioVersion = 10.0.40219.1
Project("{FAE04EC0-301F-11D3-BF4B-00C04F79EFBC}") = "Blazor.Numbers", "Blazor.Numbers\Blazor.Numbers.csproj", "{FD551937-94B8-4B56-B47D-9C4A322B8A7C}"
EndProject
Global
	GlobalSection(SolutionConfigurationPlatforms) = preSolution
		Debug|Any CPU = Debug|Any CPU
		Release|Any CPU = Release|Any CPU
	EndGlobalSection
	GlobalSection(ProjectConfigurationPlatforms) = postSolution
		{FD551937-94B8-4B56-B47D-9C4A322B8A7C}.Debug|Any CPU.ActiveCfg = Debug|Any CPU
		{FD551937-94B8-4B56-B47D-9C4A322B8A7C}.Debug|Any CPU.Build.0 = Debug|Any CPU
		{FD551937-94B8-4B56-B47D-9C4A322B8A7C}.Release|Any CPU.ActiveCfg = Release|Any CPU
		{FD551937-94B8-4B56-B47D-9C4A322B8A7C}.Release|Any CPU.Build.0 = Release|Any CPU
	EndGlobalSection
	GlobalSection(SolutionProperties) = preSolution
		HideSolutionNode = FALSE
	EndGlobalSection
	GlobalSection(ExtensibilityGlobals) = postSolution
		SolutionGuid = {17FA3D26-2D2C-4E6D-9918-B531E409BBEB}
	EndGlobalSection
EndGlobal
